
Microsoft Visual Studio Solution File, Format Version 12.00
# Visual Studio Version 17
VisualStudioVersion = 17.3.32929.385
MinimumVisualStudioVersion = 10.0.40219.1
Project("{FAE04EC0-301F-11D3-BF4B-00C04F79EFBC}") = "API_ViaCep", "API_ViaCep\API_ViaCep.csproj", "{C794D78B-32D0-46C4-8B62-8E67C3987ADF}"
EndProject
Global
	GlobalSection(SolutionConfigurationPlatforms) = preSolution
		Debug|Any CPU = Debug|Any CPU
		Release|Any CPU = Release|Any CPU
	EndGlobalSection
	GlobalSection(ProjectConfigurationPlatforms) = postSolution
		{C794D78B-32D0-46C4-8B62-8E67C3987ADF}.Debug|Any CPU.ActiveCfg = Debug|Any CPU
		{C794D78B-32D0-46C4-8B62-8E67C3987ADF}.Debug|Any CPU.Build.0 = Debug|Any CPU
		{C794D78B-32D0-46C4-8B62-8E67C3987ADF}.Release|Any CPU.ActiveCfg = Release|Any CPU
		{C794D78B-32D0-46C4-8B62-8E67C3987ADF}.Release|Any CPU.Build.0 = Release|Any CPU
	EndGlobalSection
	GlobalSection(SolutionProperties) = preSolution
		HideSolutionNode = FALSE
	EndGlobalSection
	GlobalSection(ExtensibilityGlobals) = postSolution
		SolutionGuid = {48D505A4-31C3-432C-A5EB-6548A7BC421C}
	EndGlobalSection
EndGlobal
